
Microsoft Visual Studio Solution File, Format Version 12.00
# Visual Studio Version 16
VisualStudioVersion = 16.0.32407.337
MinimumVisualStudioVersion = 10.0.40219.1
Project("{FAE04EC0-301F-11D3-BF4B-00C04F79EFBC}") = "BDMS", "BDMS\BDMS.csproj", "{1E30D123-DE49-4D0D-83AE-B819465AC536}"
EndProject
Global
	GlobalSection(SolutionConfigurationPlatforms) = preSolution
		Debug|Any CPU = Debug|Any CPU
		Release|Any CPU = Release|Any CPU
	EndGlobalSection
	GlobalSection(ProjectConfigurationPlatforms) = postSolution
		{1E30D123-DE49-4D0D-83AE-B819465AC536}.Debug|Any CPU.ActiveCfg = Debug|Any CPU
		{1E30D123-DE49-4D0D-83AE-B819465AC536}.Debug|Any CPU.Build.0 = Debug|Any CPU
		{1E30D123-DE49-4D0D-83AE-B819465AC536}.Release|Any CPU.ActiveCfg = Release|Any CPU
		{1E30D123-DE49-4D0D-83AE-B819465AC536}.Release|Any CPU.Build.0 = Release|Any CPU
	EndGlobalSection
	GlobalSection(SolutionProperties) = preSolution
		HideSolutionNode = FALSE
	EndGlobalSection
	GlobalSection(ExtensibilityGlobals) = postSolution
		SolutionGuid = {CD171AB3-595C-41EA-9E98-2251AFF2DFE4}
	EndGlobalSection
EndGlobal
